
Microsoft Visual Studio Solution File, Format Version 12.00
# Visual Studio Version 17
VisualStudioVersion = 17.0.31903.59
MinimumVisualStudioVersion = 10.0.40219.1
Project("{FAE04EC0-301F-11D3-BF4B-00C04F79EFBC}") = "shoppinglist", "shoppinglist\shoppinglist.csproj", "{2C12D2A9-B62B-4860-93B5-94B86E2F9B3B}"
EndProject
Project("{FAE04EC0-301F-11D3-BF4B-00C04F79EFBC}") = "ShoppingList.Tests", "ShoppingList.Tests\ShoppingList.Tests.csproj", "{469F4281-C0AB-4ACA-B465-C39725C7D188}"
EndProject
Global
	GlobalSection(SolutionConfigurationPlatforms) = preSolution
		Debug|Any CPU = Debug|Any CPU
		Release|Any CPU = Release|Any CPU
	EndGlobalSection
	GlobalSection(SolutionProperties) = preSolution
		HideSolutionNode = FALSE
	EndGlobalSection
	GlobalSection(ProjectConfigurationPlatforms) = postSolution
		{2C12D2A9-B62B-4860-93B5-94B86E2F9B3B}.Debug|Any CPU.ActiveCfg = Debug|Any CPU
		{2C12D2A9-B62B-4860-93B5-94B86E2F9B3B}.Debug|Any CPU.Build.0 = Debug|Any CPU
		{2C12D2A9-B62B-4860-93B5-94B86E2F9B3B}.Release|Any CPU.ActiveCfg = Release|Any CPU
		{2C12D2A9-B62B-4860-93B5-94B86E2F9B3B}.Release|Any CPU.Build.0 = Release|Any CPU
		{469F4281-C0AB-4ACA-B465-C39725C7D188}.Debug|Any CPU.ActiveCfg = Debug|Any CPU
		{469F4281-C0AB-4ACA-B465-C39725C7D188}.Debug|Any CPU.Build.0 = Debug|Any CPU
		{469F4281-C0AB-4ACA-B465-C39725C7D188}.Release|Any CPU.ActiveCfg = Release|Any CPU
		{469F4281-C0AB-4ACA-B465-C39725C7D188}.Release|Any CPU.Build.0 = Release|Any CPU
	EndGlobalSection
EndGlobal
